{
  "name": "handlers",
  "lockfileVersion": 2,
  "requires": true,
  "packages": {
    "": {
      "license": "ISC",
      "dependencies": {
        "@aligent/cdk-lambda-at-edge-handlers": "^0.1.0",
        "@aws-cdk/aws-lambda": "^1.180.0",
        "@middy/core": "^3.6.2",
        "@types/aws-lambda": "^8.10.77",
        "source-map-support": "^0.5.19"
      },
      "devDependencies": {
        "@types/node": "^18.11.9"
      }
    },
    "node_modules/@aligent/cdk-lambda-at-edge-handlers": {
      "version": "0.1.0",
      "resolved": "https://registry.npmjs.org/@aligent/cdk-lambda-at-edge-handlers/-/cdk-lambda-at-edge-handlers-0.1.0.tgz",
      "integrity": "sha512-5qZi5NWXDySDr6Djv+EuA4Y1+f3imQSkSI9sBFzizG/cqfTb5dHF96n3GERpwvNbo4xIuIB7GRLQ4xh3U9PcUA==",
      "dependencies": {
        "@types/aws-lambda": "^8.10.77",
        "axios": "^0.21.1",
        "esbuild": "0.12.15",
        "source-map-support": "^0.5.16"
      }
    },
    "node_modules/@aws-cdk/assets": {
      "version": "1.191.0",
      "resolved": "https://registry.npmjs.org/@aws-cdk/assets/-/assets-1.191.0.tgz",
      "integrity": "sha512-L4IRVjVffHdDONavcXIQ5gHVM4c4PRfWcSyTZBPl+gznw8++76IpLsjCTwvUw1HeEV7ADAU7XP7Uche8R1M03A==",
      "dependencies": {
        "@aws-cdk/core": "1.191.0",
        "@aws-cdk/cx-api": "1.191.0",
        "constructs": "^3.3.69"
      },
      "engines": {
        "node": ">= 14.15.0"
      },
      "peerDependencies": {
        "@aws-cdk/core": "1.191.0",
        "@aws-cdk/cx-api": "1.191.0",
        "constructs": "^3.3.69"
      }
    },
    "node_modules/@aws-cdk/aws-applicationautoscaling": {
      "version": "1.191.0",
      "resolved": "https://registry.npmjs.org/@aws-cdk/aws-applicationautoscaling/-/aws-applicationautoscaling-1.191.0.tgz",
      "integrity": "sha512-ojECeKDGr+6SOga/+NWYZLP0yp6+b2FQX4LqjPZdRA1hXkMQZH+ONg5vyToAhWAAwytLDgeUbGpZdDdFKys5gA==",
      "dependencies": {
        "@aws-cdk/aws-autoscaling-common": "1.191.0",
        "@aws-cdk/aws-cloudwatch": "1.191.0",
        "@aws-cdk/aws-iam": "1.191.0",
        "@aws-cdk/core": "1.191.0",
        "constructs": "^3.3.69"
      },
      "engines": {
        "node": ">= 14.15.0"
      },
      "peerDependencies": {
        "@aws-cdk/aws-autoscaling-common": "1.191.0",
        "@aws-cdk/aws-cloudwatch": "1.191.0",
        "@aws-cdk/aws-iam": "1.191.0",
        "@aws-cdk/core": "1.191.0",
        "constructs": "^3.3.69"
      }
    },
    "node_modules/@aws-cdk/aws-autoscaling-common": {
      "version": "1.191.0",
      "resolved": "https://registry.npmjs.org/@aws-cdk/aws-autoscaling-common/-/aws-autoscaling-common-1.191.0.tgz",
      "integrity": "sha512-L7cop9ZZg2UsofkG7U9PVTy87g/hyycmt2F6SBacDQYVyUQ9Ir5eJzR8xjGdMUs3yxsLUAdwEhqpJJnC5blBig==",
      "dependencies": {
        "@aws-cdk/aws-iam": "1.191.0",
        "@aws-cdk/core": "1.191.0",
        "constructs": "^3.3.69"
      },
      "engines": {
        "node": ">= 14.15.0"
      },
      "peerDependencies": {
        "@aws-cdk/aws-iam": "1.191.0",
        "@aws-cdk/core": "1.191.0",
        "constructs": "^3.3.69"
      }
    },
    "node_modules/@aws-cdk/aws-cloudwatch": {
      "version": "1.191.0",
      "resolved": "https://registry.npmjs.org/@aws-cdk/aws-cloudwatch/-/aws-cloudwatch-1.191.0.tgz",
      "integrity": "sha512-wZRDyohBXtKVwSM1dUSGXGPdAkYE8Q4h7dN/MjZRH6XsVyLT1YrFrPjqMbL6TAKRun+6tnpRINPskB0MsqWqxg==",
      "dependencies": {
        "@aws-cdk/aws-iam": "1.191.0",
        "@aws-cdk/core": "1.191.0",
        "constructs": "^3.3.69"
      },
      "engines": {
        "node": ">= 14.15.0"
      },
      "peerDependencies": {
        "@aws-cdk/aws-iam": "1.191.0",
        "@aws-cdk/core": "1.191.0",
        "constructs": "^3.3.69"
      }
    },
    "node_modules/@aws-cdk/aws-codeguruprofiler": {
      "version": "1.191.0",
      "resolved": "https://registry.npmjs.org/@aws-cdk/aws-codeguruprofiler/-/aws-codeguruprofiler-1.191.0.tgz",
      "integrity": "sha512-dVFjzwXOvLgvXdj1HsZg8ntBvrSiPLWYskNw53PxdWIyYd9Ma1IH8e4pSYbUfbLBmz5AN6cSkNrhFSYFg4wG6w==",
      "dependencies": {
        "@aws-cdk/aws-iam": "1.191.0",
        "@aws-cdk/core": "1.191.0",
        "constructs": "^3.3.69"
      },
      "engines": {
        "node": ">= 14.15.0"
      },
      "peerDependencies": {
        "@aws-cdk/aws-iam": "1.191.0",
        "@aws-cdk/core": "1.191.0",
        "constructs": "^3.3.69"
      }
    },
    "node_modules/@aws-cdk/aws-codestarnotifications": {
      "version": "1.191.0",
      "resolved": "https://registry.npmjs.org/@aws-cdk/aws-codestarnotifications/-/aws-codestarnotifications-1.191.0.tgz",
      "integrity": "sha512-r36fr58DmOpDpW9dc2YLR/ruMU1bpoP8ppx8WIfkSjgGKAk6hSHAb82Dk9wSG51lgJlJWDlH1wR+Y7jLFlRd7g==",
      "dependencies": {
        "@aws-cdk/core": "1.191.0",
        "constructs": "^3.3.69"
      },
      "engines": {
        "node": ">= 14.15.0"
      },
      "peerDependencies": {
        "@aws-cdk/core": "1.191.0",
        "constructs": "^3.3.69"
      }
    },
    "node_modules/@aws-cdk/aws-ec2": {
      "version": "1.191.0",
      "resolved": "https://registry.npmjs.org/@aws-cdk/aws-ec2/-/aws-ec2-1.191.0.tgz",
      "integrity": "sha512-UjrZ1TklcjxriWlilWbqWsFVxdy0nNzM71Tl6d6qRCZ1WUl1mRlx8GSoAYz2nkbVER5QuZ1EdUXtz8/GdmTdiw==",
      "dependencies": {
        "@aws-cdk/aws-cloudwatch": "1.191.0",
        "@aws-cdk/aws-iam": "1.191.0",
        "@aws-cdk/aws-kms": "1.191.0",
        "@aws-cdk/aws-logs": "1.191.0",
        "@aws-cdk/aws-s3": "1.191.0",
        "@aws-cdk/aws-s3-assets": "1.191.0",
        "@aws-cdk/aws-ssm": "1.191.0",
        "@aws-cdk/cloud-assembly-schema": "1.191.0",
        "@aws-cdk/core": "1.191.0",
        "@aws-cdk/cx-api": "1.191.0",
        "@aws-cdk/region-info": "1.191.0",
        "constructs": "^3.3.69"
      },
      "engines": {
        "node": ">= 14.15.0"
      },
      "peerDependencies": {
        "@aws-cdk/aws-cloudwatch": "1.191.0",
        "@aws-cdk/aws-iam": "1.191.0",
        "@aws-cdk/aws-kms": "1.191.0",
        "@aws-cdk/aws-logs": "1.191.0",
        "@aws-cdk/aws-s3": "1.191.0",
        "@aws-cdk/aws-s3-assets": "1.191.0",
        "@aws-cdk/aws-ssm": "1.191.0",
        "@aws-cdk/cloud-assembly-schema": "1.191.0",
        "@aws-cdk/core": "1.191.0",
        "@aws-cdk/cx-api": "1.191.0",
        "@aws-cdk/region-info": "1.191.0",
        "constructs": "^3.3.69"
      }
    },
    "node_modules/@aws-cdk/aws-ecr": {
      "version": "1.191.0",
      "resolved": "https://registry.npmjs.org/@aws-cdk/aws-ecr/-/aws-ecr-1.191.0.tgz",
      "integrity": "sha512-R+lLR/3D/uklOwV4JV5eznUtqQWxaa0qbOfJNzX2SsR7fa2RpZJmqjj/6fxPehDgsxBEduwAVF6KkF+y+eDPBA==",
      "dependencies": {
        "@aws-cdk/aws-events": "1.191.0",
        "@aws-cdk/aws-iam": "1.191.0",
        "@aws-cdk/aws-kms": "1.191.0",
        "@aws-cdk/core": "1.191.0",
        "constructs": "^3.3.69"
      },
      "engines": {
        "node": ">= 14.15.0"
      },
      "peerDependencies": {
        "@aws-cdk/aws-events": "1.191.0",
        "@aws-cdk/aws-iam": "1.191.0",
        "@aws-cdk/aws-kms": "1.191.0",
        "@aws-cdk/core": "1.191.0",
        "constructs": "^3.3.69"
      }
    },
    "node_modules/@aws-cdk/aws-ecr-assets": {
      "version": "1.191.0",
      "resolved": "https://registry.npmjs.org/@aws-cdk/aws-ecr-assets/-/aws-ecr-assets-1.191.0.tgz",
      "integrity": "sha512-tzsHU+rRqQWBhGedOjyNCyhi6E6b/qaRuPySx/l+9rhrNattvC6is4jPN1efqsP5X1HYSEYuknfJN0KrtnWbuA==",
      "dependencies": {
        "@aws-cdk/assets": "1.191.0",
        "@aws-cdk/aws-ecr": "1.191.0",
        "@aws-cdk/aws-iam": "1.191.0",
        "@aws-cdk/aws-s3": "1.191.0",
        "@aws-cdk/core": "1.191.0",
        "@aws-cdk/cx-api": "1.191.0",
        "constructs": "^3.3.69"
      },
      "engines": {
        "node": ">= 14.15.0"
      },
      "peerDependencies": {
        "@aws-cdk/assets": "1.191.0",
        "@aws-cdk/aws-ecr": "1.191.0",
        "@aws-cdk/aws-iam": "1.191.0",
        "@aws-cdk/aws-s3": "1.191.0",
        "@aws-cdk/core": "1.191.0",
        "@aws-cdk/cx-api": "1.191.0",
        "constructs": "^3.3.69"
      }
    },
    "node_modules/@aws-cdk/aws-efs": {
      "version": "1.191.0",
      "resolved": "https://registry.npmjs.org/@aws-cdk/aws-efs/-/aws-efs-1.191.0.tgz",
      "integrity": "sha512-4TPnHU7loH8HIzq7QalBE23WgB4la/pF9HcRdn6Mf3TRet0BpFMoozNyUtCFXOFvE+c5sqY2ILo72bWmL0NWdw==",
      "dependencies": {
        "@aws-cdk/aws-ec2": "1.191.0",
        "@aws-cdk/aws-iam": "1.191.0",
        "@aws-cdk/aws-kms": "1.191.0",
        "@aws-cdk/cloud-assembly-schema": "1.191.0",
        "@aws-cdk/core": "1.191.0",
        "@aws-cdk/cx-api": "1.191.0",
        "constructs": "^3.3.69"
      },
      "engines": {
        "node": ">= 14.15.0"
      },
      "peerDependencies": {
        "@aws-cdk/aws-ec2": "1.191.0",
        "@aws-cdk/aws-iam": "1.191.0",
        "@aws-cdk/aws-kms": "1.191.0",
        "@aws-cdk/cloud-assembly-schema": "1.191.0",
        "@aws-cdk/core": "1.191.0",
        "@aws-cdk/cx-api": "1.191.0",
        "constructs": "^3.3.69"
      }
    },
    "node_modules/@aws-cdk/aws-events": {
      "version": "1.191.0",
      "resolved": "https://registry.npmjs.org/@aws-cdk/aws-events/-/aws-events-1.191.0.tgz",
      "integrity": "sha512-r6F0QlExXd2LIG1GpjKVQl5bGjvgRHfshi9U9G+V3VaAcRtHRCAlaCX60X0GGYo+sB0MJd5B2CoCC37CT8Znyw==",
      "dependencies": {
        "@aws-cdk/aws-iam": "1.191.0",
        "@aws-cdk/core": "1.191.0",
        "constructs": "^3.3.69"
      },
      "engines": {
        "node": ">= 14.15.0"
      },
      "peerDependencies": {
        "@aws-cdk/aws-iam": "1.191.0",
        "@aws-cdk/core": "1.191.0",
        "constructs": "^3.3.69"
      }
    },
    "node_modules/@aws-cdk/aws-iam": {
      "version": "1.191.0",
      "resolved": "https://registry.npmjs.org/@aws-cdk/aws-iam/-/aws-iam-1.191.0.tgz",
      "integrity": "sha512-qSjhMVaLzuP5iGFHhmg2NxMph0OeGk5NjDeccCrlafPgYkG1bpm1VOWwouTc1hgFoEX2qtYlGdvzHT97cyOL7w==",
      "dependencies": {
        "@aws-cdk/core": "1.191.0",
        "@aws-cdk/cx-api": "1.191.0",
        "@aws-cdk/region-info": "1.191.0",
        "constructs": "^3.3.69"
      },
      "engines": {
        "node": ">= 14.15.0"
      },
      "peerDependencies": {
        "@aws-cdk/core": "1.191.0",
        "@aws-cdk/region-info": "1.191.0",
        "constructs": "^3.3.69"
      }
    },
    "node_modules/@aws-cdk/aws-kms": {
      "version": "1.191.0",
      "resolved": "https://registry.npmjs.org/@aws-cdk/aws-kms/-/aws-kms-1.191.0.tgz",
      "integrity": "sha512-il//DVK+nJcl3MseaN1qPv3yANr1TOVM3OijTzlx8Uob7Yc+enxBg0WHg2LcUeEOlaep1+lS6nh3xmoehG12VA==",
      "dependencies": {
        "@aws-cdk/aws-iam": "1.191.0",
        "@aws-cdk/cloud-assembly-schema": "1.191.0",
        "@aws-cdk/core": "1.191.0",
        "@aws-cdk/cx-api": "1.191.0",
        "constructs": "^3.3.69"
      },
      "engines": {
        "node": ">= 14.15.0"
      },
      "peerDependencies": {
        "@aws-cdk/aws-iam": "1.191.0",
        "@aws-cdk/cloud-assembly-schema": "1.191.0",
        "@aws-cdk/core": "1.191.0",
        "@aws-cdk/cx-api": "1.191.0",
        "constructs": "^3.3.69"
      }
    },
    "node_modules/@aws-cdk/aws-lambda": {
      "version": "1.191.0",
      "resolved": "https://registry.npmjs.org/@aws-cdk/aws-lambda/-/aws-lambda-1.191.0.tgz",
      "integrity": "sha512-+7TImOKmk6rjYkTIwMZpAtSvBDQKENeZv7HNgk6GYV8//8+ETHPfh8sScV3rlqFuVOltp8uhpAcfPQV3zyOhHg==",
      "dependencies": {
        "@aws-cdk/aws-applicationautoscaling": "1.191.0",
        "@aws-cdk/aws-cloudwatch": "1.191.0",
        "@aws-cdk/aws-codeguruprofiler": "1.191.0",
        "@aws-cdk/aws-ec2": "1.191.0",
        "@aws-cdk/aws-ecr": "1.191.0",
        "@aws-cdk/aws-ecr-assets": "1.191.0",
        "@aws-cdk/aws-efs": "1.191.0",
        "@aws-cdk/aws-events": "1.191.0",
        "@aws-cdk/aws-iam": "1.191.0",
        "@aws-cdk/aws-kms": "1.191.0",
        "@aws-cdk/aws-logs": "1.191.0",
        "@aws-cdk/aws-s3": "1.191.0",
        "@aws-cdk/aws-s3-assets": "1.191.0",
        "@aws-cdk/aws-signer": "1.191.0",
        "@aws-cdk/aws-sns": "1.191.0",
        "@aws-cdk/aws-sqs": "1.191.0",
        "@aws-cdk/core": "1.191.0",
        "@aws-cdk/cx-api": "1.191.0",
        "@aws-cdk/region-info": "1.191.0",
        "constructs": "^3.3.69"
      },
      "engines": {
        "node": ">= 14.15.0"
      },
      "peerDependencies": {
        "@aws-cdk/aws-applicationautoscaling": "1.191.0",
        "@aws-cdk/aws-cloudwatch": "1.191.0",
        "@aws-cdk/aws-codeguruprofiler": "1.191.0",
        "@aws-cdk/aws-ec2": "1.191.0",
        "@aws-cdk/aws-ecr": "1.191.0",
        "@aws-cdk/aws-ecr-assets": "1.191.0",
        "@aws-cdk/aws-efs": "1.191.0",
        "@aws-cdk/aws-events": "1.191.0",
        "@aws-cdk/aws-iam": "1.191.0",
        "@aws-cdk/aws-kms": "1.191.0",
        "@aws-cdk/aws-logs": "1.191.0",
        "@aws-cdk/aws-s3": "1.191.0",
        "@aws-cdk/aws-s3-assets": "1.191.0",
        "@aws-cdk/aws-signer": "1.191.0",
        "@aws-cdk/aws-sns": "1.191.0",
        "@aws-cdk/aws-sqs": "1.191.0",
        "@aws-cdk/core": "1.191.0",
        "@aws-cdk/cx-api": "1.191.0",
        "@aws-cdk/region-info": "1.191.0",
        "constructs": "^3.3.69"
      }
    },
    "node_modules/@aws-cdk/aws-logs": {
      "version": "1.191.0",
      "resolved": "https://registry.npmjs.org/@aws-cdk/aws-logs/-/aws-logs-1.191.0.tgz",
      "integrity": "sha512-OQrbVR9gBY9DC9LF4tqJDP3UwcjX3AXSTwzgXaDVnsIfCMDv+FOtzdYme9xhoNF4mphUenUjI280Bx9tac2Zmg==",
      "dependencies": {
        "@aws-cdk/aws-cloudwatch": "1.191.0",
        "@aws-cdk/aws-iam": "1.191.0",
        "@aws-cdk/aws-kms": "1.191.0",
        "@aws-cdk/aws-s3-assets": "1.191.0",
        "@aws-cdk/core": "1.191.0",
        "@aws-cdk/cx-api": "1.191.0",
        "constructs": "^3.3.69"
      },
      "engines": {
        "node": ">= 14.15.0"
      },
      "peerDependencies": {
        "@aws-cdk/aws-cloudwatch": "1.191.0",
        "@aws-cdk/aws-iam": "1.191.0",
        "@aws-cdk/aws-kms": "1.191.0",
        "@aws-cdk/aws-s3-assets": "1.191.0",
        "@aws-cdk/core": "1.191.0",
        "@aws-cdk/cx-api": "1.191.0",
        "constructs": "^3.3.69"
      }
    },
    "node_modules/@aws-cdk/aws-s3": {
      "version": "1.191.0",
      "resolved": "https://registry.npmjs.org/@aws-cdk/aws-s3/-/aws-s3-1.191.0.tgz",
      "integrity": "sha512-wW1c36bti0u38JajbTiN2hmnYiQ8uwS1gBOeVmq/wfZ9BKsgnZOyeMZCa1EYWuSSN4FMmVEthN3md75IzcGKPg==",
      "dependencies": {
        "@aws-cdk/aws-events": "1.191.0",
        "@aws-cdk/aws-iam": "1.191.0",
        "@aws-cdk/aws-kms": "1.191.0",
        "@aws-cdk/core": "1.191.0",
        "@aws-cdk/cx-api": "1.191.0",
        "constructs": "^3.3.69"
      },
      "engines": {
        "node": ">= 14.15.0"
      },
      "peerDependencies": {
        "@aws-cdk/aws-events": "1.191.0",
        "@aws-cdk/aws-iam": "1.191.0",
        "@aws-cdk/aws-kms": "1.191.0",
        "@aws-cdk/core": "1.191.0",
        "@aws-cdk/cx-api": "1.191.0",
        "constructs": "^3.3.69"
      }
    },
    "node_modules/@aws-cdk/aws-s3-assets": {
      "version": "1.191.0",
      "resolved": "https://registry.npmjs.org/@aws-cdk/aws-s3-assets/-/aws-s3-assets-1.191.0.tgz",
      "integrity": "sha512-9mieOxatGOxNl9F8BnX8dYfAvq1gFd3yp74PnIOfa9Vlnc5UR05IjUFcdvwpsx9QMWczF8ABGQ1hlMsP6xR2UQ==",
      "dependencies": {
        "@aws-cdk/assets": "1.191.0",
        "@aws-cdk/aws-iam": "1.191.0",
        "@aws-cdk/aws-kms": "1.191.0",
        "@aws-cdk/aws-s3": "1.191.0",
        "@aws-cdk/core": "1.191.0",
        "@aws-cdk/cx-api": "1.191.0",
        "constructs": "^3.3.69"
      },
      "engines": {
        "node": ">= 14.15.0"
      },
      "peerDependencies": {
        "@aws-cdk/assets": "1.191.0",
        "@aws-cdk/aws-iam": "1.191.0",
        "@aws-cdk/aws-kms": "1.191.0",
        "@aws-cdk/aws-s3": "1.191.0",
        "@aws-cdk/core": "1.191.0",
        "@aws-cdk/cx-api": "1.191.0",
        "constructs": "^3.3.69"
      }
    },
    "node_modules/@aws-cdk/aws-signer": {
      "version": "1.191.0",
      "resolved": "https://registry.npmjs.org/@aws-cdk/aws-signer/-/aws-signer-1.191.0.tgz",
      "integrity": "sha512-014hsWNA6eq5hhxNi0sg17GbY9bOfAJ9lkJ9kHgoa5yH4WphBISKIYW3jyTxIfcykecKW9q4g5mbjVD2JdkYdA==",
      "dependencies": {
        "@aws-cdk/core": "1.191.0",
        "constructs": "^3.3.69"
      },
      "engines": {
        "node": ">= 14.15.0"
      },
      "peerDependencies": {
        "@aws-cdk/core": "1.191.0",
        "constructs": "^3.3.69"
      }
    },
    "node_modules/@aws-cdk/aws-sns": {
      "version": "1.191.0",
      "resolved": "https://registry.npmjs.org/@aws-cdk/aws-sns/-/aws-sns-1.191.0.tgz",
      "integrity": "sha512-c++IgVipVFybwR6/aTTSUKXw4PBamHU+mlyFd3Cotqft9JCrlJIj8Lvu1rbZwPmPaVwzRR/MPZgYxFtjFk+ptQ==",
      "dependencies": {
        "@aws-cdk/aws-cloudwatch": "1.191.0",
        "@aws-cdk/aws-codestarnotifications": "1.191.0",
        "@aws-cdk/aws-events": "1.191.0",
        "@aws-cdk/aws-iam": "1.191.0",
        "@aws-cdk/aws-kms": "1.191.0",
        "@aws-cdk/aws-sqs": "1.191.0",
        "@aws-cdk/core": "1.191.0",
        "constructs": "^3.3.69"
      },
      "engines": {
        "node": ">= 14.15.0"
      },
      "peerDependencies": {
        "@aws-cdk/aws-cloudwatch": "1.191.0",
        "@aws-cdk/aws-codestarnotifications": "1.191.0",
        "@aws-cdk/aws-events": "1.191.0",
        "@aws-cdk/aws-iam": "1.191.0",
        "@aws-cdk/aws-kms": "1.191.0",
        "@aws-cdk/aws-sqs": "1.191.0",
        "@aws-cdk/core": "1.191.0",
        "constructs": "^3.3.69"
      }
    },
    "node_modules/@aws-cdk/aws-sqs": {
      "version": "1.191.0",
      "resolved": "https://registry.npmjs.org/@aws-cdk/aws-sqs/-/aws-sqs-1.191.0.tgz",
      "integrity": "sha512-qULxio3nAYB+b42l4ozyavd2rPpnSmTBuE7W9PktqBaoqItMLJLx+oHXNV0EMcbdnhHrvTh+hUIMWXRRcfGUNA==",
      "dependencies": {
        "@aws-cdk/aws-cloudwatch": "1.191.0",
        "@aws-cdk/aws-iam": "1.191.0",
        "@aws-cdk/aws-kms": "1.191.0",
        "@aws-cdk/core": "1.191.0",
        "constructs": "^3.3.69"
      },
      "engines": {
        "node": ">= 14.15.0"
      },
      "peerDependencies": {
        "@aws-cdk/aws-cloudwatch": "1.191.0",
        "@aws-cdk/aws-iam": "1.191.0",
        "@aws-cdk/aws-kms": "1.191.0",
        "@aws-cdk/core": "1.191.0",
        "constructs": "^3.3.69"
      }
    },
    "node_modules/@aws-cdk/aws-ssm": {
      "version": "1.191.0",
      "resolved": "https://registry.npmjs.org/@aws-cdk/aws-ssm/-/aws-ssm-1.191.0.tgz",
      "integrity": "sha512-M/HNwuySQNcXZs/bJZweMvKtknSExWG9rFz8uF6LL9LiKIYixWgjdkV7i/38h+18I1mXACu276LPpmAHO8Irjg==",
      "dependencies": {
        "@aws-cdk/aws-iam": "1.191.0",
        "@aws-cdk/aws-kms": "1.191.0",
        "@aws-cdk/cloud-assembly-schema": "1.191.0",
        "@aws-cdk/core": "1.191.0",
        "constructs": "^3.3.69"
      },
      "engines": {
        "node": ">= 14.15.0"
      },
      "peerDependencies": {
        "@aws-cdk/aws-iam": "1.191.0",
        "@aws-cdk/aws-kms": "1.191.0",
        "@aws-cdk/cloud-assembly-schema": "1.191.0",
        "@aws-cdk/core": "1.191.0",
        "constructs": "^3.3.69"
      }
    },
    "node_modules/@aws-cdk/cloud-assembly-schema": {
      "version": "1.191.0",
      "resolved": "https://registry.npmjs.org/@aws-cdk/cloud-assembly-schema/-/cloud-assembly-schema-1.191.0.tgz",
      "integrity": "sha512-HHRvvoY2WA1kDUgsJ+sCz1XWPU0+fZ9h9HekYqrSNsAihD9kUnswvK/7LwdlQmdLld+ZmeWTbCB3rkL5LzRzKw==",
      "bundleDependencies": [
        "jsonschema",
        "semver"
      ],
      "dependencies": {
        "jsonschema": "^1.4.1",
        "semver": "^7.3.8"
      },
      "engines": {
        "node": ">= 14.15.0"
      }
    },
    "node_modules/@aws-cdk/cloud-assembly-schema/node_modules/jsonschema": {
      "version": "1.4.1",
      "inBundle": true,
      "license": "MIT",
      "engines": {
        "node": "*"
      }
    },
    "node_modules/@aws-cdk/cloud-assembly-schema/node_modules/lru-cache": {
      "version": "6.0.0",
      "inBundle": true,
      "license": "ISC",
      "dependencies": {
        "yallist": "^4.0.0"
      },
      "engines": {
        "node": ">=10"
      }
    },
    "node_modules/@aws-cdk/cloud-assembly-schema/node_modules/semver": {
      "version": "7.3.8",
      "inBundle": true,
      "license": "ISC",
      "dependencies": {
        "lru-cache": "^6.0.0"
      },
      "bin": {
        "semver": "bin/semver.js"
      },
      "engines": {
        "node": ">=10"
      }
    },
    "node_modules/@aws-cdk/cloud-assembly-schema/node_modules/yallist": {
      "version": "4.0.0",
      "inBundle": true,
      "license": "ISC"
    },
    "node_modules/@aws-cdk/core": {
      "version": "1.191.0",
      "resolved": "https://registry.npmjs.org/@aws-cdk/core/-/core-1.191.0.tgz",
      "integrity": "sha512-emo5mLjs6dPB7PpDFQ70R4273REN8TndrlVM04Kcac6d2LhTRFhiiCm71c574iWaTBjmZVNyVzwGiN1Nh4uNNw==",
      "bundleDependencies": [
        "fs-extra",
        "minimatch",
        "@balena/dockerignore",
        "ignore"
      ],
      "dependencies": {
        "@aws-cdk/cloud-assembly-schema": "1.191.0",
        "@aws-cdk/cx-api": "1.191.0",
        "@aws-cdk/region-info": "1.191.0",
        "@balena/dockerignore": "^1.0.2",
        "constructs": "^3.3.69",
        "fs-extra": "^9.1.0",
        "ignore": "^5.2.4",
        "minimatch": "^3.1.2"
      },
      "engines": {
        "node": ">= 14.15.0"
      },
      "peerDependencies": {
        "@aws-cdk/cloud-assembly-schema": "1.191.0",
        "@aws-cdk/cx-api": "1.191.0",
        "@aws-cdk/region-info": "1.191.0",
        "constructs": "^3.3.69"
      }
    },
    "node_modules/@aws-cdk/core/node_modules/@balena/dockerignore": {
      "version": "1.0.2",
      "inBundle": true,
      "license": "Apache-2.0"
    },
    "node_modules/@aws-cdk/core/node_modules/at-least-node": {
      "version": "1.0.0",
      "inBundle": true,
      "license": "ISC",
      "engines": {
        "node": ">= 4.0.0"
      }
    },
    "node_modules/@aws-cdk/core/node_modules/balanced-match": {
      "version": "1.0.2",
      "inBundle": true,
      "license": "MIT"
    },
    "node_modules/@aws-cdk/core/node_modules/brace-expansion": {
      "version": "1.1.11",
      "inBundle": true,
      "license": "MIT",
      "dependencies": {
        "balanced-match": "^1.0.0",
        "concat-map": "0.0.1"
      }
    },
    "node_modules/@aws-cdk/core/node_modules/concat-map": {
      "version": "0.0.1",
      "inBundle": true,
      "license": "MIT"
    },
    "node_modules/@aws-cdk/core/node_modules/fs-extra": {
      "version": "9.1.0",
      "inBundle": true,
      "license": "MIT",
      "dependencies": {
        "at-least-node": "^1.0.0",
        "graceful-fs": "^4.2.0",
        "jsonfile": "^6.0.1",
        "universalify": "^2.0.0"
      },
      "engines": {
        "node": ">=10"
      }
    },
    "node_modules/@aws-cdk/core/node_modules/graceful-fs": {
      "version": "4.2.10",
      "inBundle": true,
      "license": "ISC"
    },
    "node_modules/@aws-cdk/core/node_modules/ignore": {
      "version": "5.2.4",
      "inBundle": true,
      "license": "MIT",
      "engines": {
        "node": ">= 4"
      }
    },
    "node_modules/@aws-cdk/core/node_modules/jsonfile": {
      "version": "6.1.0",
      "inBundle": true,
      "license": "MIT",
      "dependencies": {
        "universalify": "^2.0.0"
      },
      "optionalDependencies": {
        "graceful-fs": "^4.1.6"
      }
    },
    "node_modules/@aws-cdk/core/node_modules/minimatch": {
      "version": "3.1.2",
      "inBundle": true,
      "license": "ISC",
      "dependencies": {
        "brace-expansion": "^1.1.7"
      },
      "engines": {
        "node": "*"
      }
    },
    "node_modules/@aws-cdk/core/node_modules/universalify": {
      "version": "2.0.0",
      "inBundle": true,
      "license": "MIT",
      "engines": {
        "node": ">= 10.0.0"
      }
    },
    "node_modules/@aws-cdk/cx-api": {
      "version": "1.191.0",
      "resolved": "https://registry.npmjs.org/@aws-cdk/cx-api/-/cx-api-1.191.0.tgz",
      "integrity": "sha512-1jcUky+05aobchZr6KrbWgqDizIUYSLkJMFqLkWSBaOPCyhqv+5gzOBjlRf1DtxQibM/GAHYtNm0sP4RQRnh/w==",
      "bundleDependencies": [
        "semver"
      ],
      "dependencies": {
        "@aws-cdk/cloud-assembly-schema": "1.191.0",
        "semver": "^7.3.8"
      },
      "engines": {
        "node": ">= 14.15.0"
      },
      "peerDependencies": {
        "@aws-cdk/cloud-assembly-schema": "1.191.0"
      }
    },
    "node_modules/@aws-cdk/cx-api/node_modules/lru-cache": {
      "version": "6.0.0",
      "inBundle": true,
      "license": "ISC",
      "dependencies": {
        "yallist": "^4.0.0"
      },
      "engines": {
        "node": ">=10"
      }
    },
    "node_modules/@aws-cdk/cx-api/node_modules/semver": {
      "version": "7.3.8",
      "inBundle": true,
      "license": "ISC",
      "dependencies": {
        "lru-cache": "^6.0.0"
      },
      "bin": {
        "semver": "bin/semver.js"
      },
      "engines": {
        "node": ">=10"
      }
    },
    "node_modules/@aws-cdk/cx-api/node_modules/yallist": {
      "version": "4.0.0",
      "inBundle": true,
      "license": "ISC"
    },
    "node_modules/@aws-cdk/region-info": {
      "version": "1.191.0",
      "resolved": "https://registry.npmjs.org/@aws-cdk/region-info/-/region-info-1.191.0.tgz",
      "integrity": "sha512-MRTuga31TPNEnyZIkqjE+9/3K6/2pfqLTthrDLVM+JMPkcSbzjKyYIWANcyXj8gbOlJYWlJ+lI8LGwO3Dyq+Pw==",
      "engines": {
        "node": ">= 14.15.0"
      }
    },
    "node_modules/@middy/core": {
      "version": "3.6.2",
      "resolved": "https://registry.npmjs.org/@middy/core/-/core-3.6.2.tgz",
      "integrity": "sha512-/vyvG34RIt7CTmuB/jksGkk9vs6RCoOlRFPfdQq11dHkiKlT2mm8j/jZx7gSpEhXXh9LeaEMuKPnsgWBIlGS1g==",
      "engines": {
        "node": ">=14"
      }
    },
    "node_modules/@types/aws-lambda": {
      "version": "8.10.110",
      "resolved": "https://registry.npmjs.org/@types/aws-lambda/-/aws-lambda-8.10.110.tgz",
      "integrity": "sha512-r6egf2Cwv/JaFTTrF9OXFVUB3j/SXTgM9BwrlbBRjWAa2Tu6GWoDoLflppAZ8uSfbUJdXvC7Br3DjuN9pQ2NUQ=="
    },
    "node_modules/@types/node": {
      "version": "18.11.18",
      "resolved": "https://registry.npmjs.org/@types/node/-/node-18.11.18.tgz",
      "integrity": "sha512-DHQpWGjyQKSHj3ebjFI/wRKcqQcdR+MoFBygntYOZytCqNfkd2ZC4ARDJ2DQqhjH5p85Nnd3jhUJIXrszFX/JA==",
      "dev": true
    },
    "node_modules/axios": {
      "version": "0.21.4",
      "resolved": "https://registry.npmjs.org/axios/-/axios-0.21.4.tgz",
      "integrity": "sha512-ut5vewkiu8jjGBdqpM44XxjuCjq9LAKeHVmoVfHVzy8eHgxxq8SbAVQNovDA8mVi05kP0Ea/n/UzcSHcTJQfNg==",
      "dependencies": {
        "follow-redirects": "^1.14.0"
      }
    },
    "node_modules/buffer-from": {
      "version": "1.1.2",
      "resolved": "https://registry.npmjs.org/buffer-from/-/buffer-from-1.1.2.tgz",
      "integrity": "sha512-E+XQCRwSbaaiChtv6k6Dwgc+bx+Bs6vuKJHHl5kox/BaKbhiXzqQOwK4cO22yElGp2OCmjwVhT3HmxgyPGnJfQ=="
    },
    "node_modules/constructs": {
      "version": "3.4.233",
      "resolved": "https://registry.npmjs.org/constructs/-/constructs-3.4.233.tgz",
      "integrity": "sha512-ZpELGzhkpNa0d8yuPd9UhyMDCpSXvNoFoErDiKzPemehQVUsyh6IcvzZ6k20tne4abuOeVGjVRimFIM5GDUkkw==",
      "engines": {
        "node": ">= 14.17.0"
      }
    },
    "node_modules/esbuild": {
      "version": "0.12.15",
      "resolved": "https://registry.npmjs.org/esbuild/-/esbuild-0.12.15.tgz",
      "integrity": "sha512-72V4JNd2+48eOVCXx49xoSWHgC3/cCy96e7mbXKY+WOWghN00cCmlGnwVLRhRHorvv0dgCyuMYBZlM2xDM5OQw==",
      "hasInstallScript": true,
      "bin": {
        "esbuild": "bin/esbuild"
      }
    },
    "node_modules/follow-redirects": {
      "version": "1.15.2",
      "resolved": "https://registry.npmjs.org/follow-redirects/-/follow-redirects-1.15.2.tgz",
      "integrity": "sha512-VQLG33o04KaQ8uYi2tVNbdrWp1QWxNNea+nmIB4EVM28v0hmP17z7aG1+wAkNzVq4KeXTq3221ye5qTJP91JwA==",
      "funding": [
        {
          "type": "individual",
          "url": "https://github.com/sponsors/RubenVerborgh"
        }
      ],
      "engines": {
        "node": ">=4.0"
      },
      "peerDependenciesMeta": {
        "debug": {
          "optional": true
        }
      }
    },
    "node_modules/source-map": {
      "version": "0.6.1",
      "resolved": "https://registry.npmjs.org/source-map/-/source-map-0.6.1.tgz",
      "integrity": "sha512-UjgapumWlbMhkBgzT7Ykc5YXUT46F0iKu8SGXq0bcwP5dz/h0Plj6enJqjz1Zbq2l5WaqYnrVbwWOWMyF3F47g==",
      "engines": {
        "node": ">=0.10.0"
      }
    },
    "node_modules/source-map-support": {
      "version": "0.5.21",
      "resolved": "https://registry.npmjs.org/source-map-support/-/source-map-support-0.5.21.tgz",
      "integrity": "sha512-uBHU3L3czsIyYXKX88fdrGovxdSCoTGDRZ6SYXtSRxLZUzHg5P/66Ht6uoUlHu9EZod+inXhKo3qQgwXUT/y1w==",
      "dependencies": {
        "buffer-from": "^1.0.0",
        "source-map": "^0.6.0"
      }
    }
  },
  "dependencies": {
    "@aligent/cdk-lambda-at-edge-handlers": {
      "version": "0.1.0",
      "resolved": "https://registry.npmjs.org/@aligent/cdk-lambda-at-edge-handlers/-/cdk-lambda-at-edge-handlers-0.1.0.tgz",
      "integrity": "sha512-5qZi5NWXDySDr6Djv+EuA4Y1+f3imQSkSI9sBFzizG/cqfTb5dHF96n3GERpwvNbo4xIuIB7GRLQ4xh3U9PcUA==",
      "requires": {
        "@types/aws-lambda": "^8.10.77",
        "axios": "^0.21.1",
        "esbuild": "0.12.15",
        "source-map-support": "^0.5.16"
      }
    },
    "@aws-cdk/assets": {
      "version": "1.191.0",
      "resolved": "https://registry.npmjs.org/@aws-cdk/assets/-/assets-1.191.0.tgz",
      "integrity": "sha512-L4IRVjVffHdDONavcXIQ5gHVM4c4PRfWcSyTZBPl+gznw8++76IpLsjCTwvUw1HeEV7ADAU7XP7Uche8R1M03A==",
      "requires": {
        "@aws-cdk/core": "1.191.0",
        "@aws-cdk/cx-api": "1.191.0",
        "constructs": "^3.3.69"
      }
    },
    "@aws-cdk/aws-applicationautoscaling": {
      "version": "1.191.0",
      "resolved": "https://registry.npmjs.org/@aws-cdk/aws-applicationautoscaling/-/aws-applicationautoscaling-1.191.0.tgz",
      "integrity": "sha512-ojECeKDGr+6SOga/+NWYZLP0yp6+b2FQX4LqjPZdRA1hXkMQZH+ONg5vyToAhWAAwytLDgeUbGpZdDdFKys5gA==",
      "requires": {
        "@aws-cdk/aws-autoscaling-common": "1.191.0",
        "@aws-cdk/aws-cloudwatch": "1.191.0",
        "@aws-cdk/aws-iam": "1.191.0",
        "@aws-cdk/core": "1.191.0",
        "constructs": "^3.3.69"
      }
    },
    "@aws-cdk/aws-autoscaling-common": {
      "version": "1.191.0",
      "resolved": "https://registry.npmjs.org/@aws-cdk/aws-autoscaling-common/-/aws-autoscaling-common-1.191.0.tgz",
      "integrity": "sha512-L7cop9ZZg2UsofkG7U9PVTy87g/hyycmt2F6SBacDQYVyUQ9Ir5eJzR8xjGdMUs3yxsLUAdwEhqpJJnC5blBig==",
      "requires": {
        "@aws-cdk/aws-iam": "1.191.0",
        "@aws-cdk/core": "1.191.0",
        "constructs": "^3.3.69"
      }
    },
    "@aws-cdk/aws-cloudwatch": {
      "version": "1.191.0",
      "resolved": "https://registry.npmjs.org/@aws-cdk/aws-cloudwatch/-/aws-cloudwatch-1.191.0.tgz",
      "integrity": "sha512-wZRDyohBXtKVwSM1dUSGXGPdAkYE8Q4h7dN/MjZRH6XsVyLT1YrFrPjqMbL6TAKRun+6tnpRINPskB0MsqWqxg==",
      "requires": {
        "@aws-cdk/aws-iam": "1.191.0",
        "@aws-cdk/core": "1.191.0",
        "constructs": "^3.3.69"
      }
    },
    "@aws-cdk/aws-codeguruprofiler": {
      "version": "1.191.0",
      "resolved": "https://registry.npmjs.org/@aws-cdk/aws-codeguruprofiler/-/aws-codeguruprofiler-1.191.0.tgz",
      "integrity": "sha512-dVFjzwXOvLgvXdj1HsZg8ntBvrSiPLWYskNw53PxdWIyYd9Ma1IH8e4pSYbUfbLBmz5AN6cSkNrhFSYFg4wG6w==",
      "requires": {
        "@aws-cdk/aws-iam": "1.191.0",
        "@aws-cdk/core": "1.191.0",
        "constructs": "^3.3.69"
      }
    },
    "@aws-cdk/aws-codestarnotifications": {
      "version": "1.191.0",
      "resolved": "https://registry.npmjs.org/@aws-cdk/aws-codestarnotifications/-/aws-codestarnotifications-1.191.0.tgz",
      "integrity": "sha512-r36fr58DmOpDpW9dc2YLR/ruMU1bpoP8ppx8WIfkSjgGKAk6hSHAb82Dk9wSG51lgJlJWDlH1wR+Y7jLFlRd7g==",
      "requires": {
        "@aws-cdk/core": "1.191.0",
        "constructs": "^3.3.69"
      }
    },
    "@aws-cdk/aws-ec2": {
      "version": "1.191.0",
      "resolved": "https://registry.npmjs.org/@aws-cdk/aws-ec2/-/aws-ec2-1.191.0.tgz",
      "integrity": "sha512-UjrZ1TklcjxriWlilWbqWsFVxdy0nNzM71Tl6d6qRCZ1WUl1mRlx8GSoAYz2nkbVER5QuZ1EdUXtz8/GdmTdiw==",
      "requires": {
        "@aws-cdk/aws-cloudwatch": "1.191.0",
        "@aws-cdk/aws-iam": "1.191.0",
        "@aws-cdk/aws-kms": "1.191.0",
        "@aws-cdk/aws-logs": "1.191.0",
        "@aws-cdk/aws-s3": "1.191.0",
        "@aws-cdk/aws-s3-assets": "1.191.0",
        "@aws-cdk/aws-ssm": "1.191.0",
        "@aws-cdk/cloud-assembly-schema": "1.191.0",
        "@aws-cdk/core": "1.191.0",
        "@aws-cdk/cx-api": "1.191.0",
        "@aws-cdk/region-info": "1.191.0",
        "constructs": "^3.3.69"
      }
    },
    "@aws-cdk/aws-ecr": {
      "version": "1.191.0",
      "resolved": "https://registry.npmjs.org/@aws-cdk/aws-ecr/-/aws-ecr-1.191.0.tgz",
      "integrity": "sha512-R+lLR/3D/uklOwV4JV5eznUtqQWxaa0qbOfJNzX2SsR7fa2RpZJmqjj/6fxPehDgsxBEduwAVF6KkF+y+eDPBA==",
      "requires": {
        "@aws-cdk/aws-events": "1.191.0",
        "@aws-cdk/aws-iam": "1.191.0",
        "@aws-cdk/aws-kms": "1.191.0",
        "@aws-cdk/core": "1.191.0",
        "constructs": "^3.3.69"
      }
    },
    "@aws-cdk/aws-ecr-assets": {
      "version": "1.191.0",
      "resolved": "https://registry.npmjs.org/@aws-cdk/aws-ecr-assets/-/aws-ecr-assets-1.191.0.tgz",
      "integrity": "sha512-tzsHU+rRqQWBhGedOjyNCyhi6E6b/qaRuPySx/l+9rhrNattvC6is4jPN1efqsP5X1HYSEYuknfJN0KrtnWbuA==",
      "requires": {
        "@aws-cdk/assets": "1.191.0",
        "@aws-cdk/aws-ecr": "1.191.0",
        "@aws-cdk/aws-iam": "1.191.0",
        "@aws-cdk/aws-s3": "1.191.0",
        "@aws-cdk/core": "1.191.0",
        "@aws-cdk/cx-api": "1.191.0",
        "constructs": "^3.3.69"
      }
    },
    "@aws-cdk/aws-efs": {
      "version": "1.191.0",
      "resolved": "https://registry.npmjs.org/@aws-cdk/aws-efs/-/aws-efs-1.191.0.tgz",
      "integrity": "sha512-4TPnHU7loH8HIzq7QalBE23WgB4la/pF9HcRdn6Mf3TRet0BpFMoozNyUtCFXOFvE+c5sqY2ILo72bWmL0NWdw==",
      "requires": {
        "@aws-cdk/aws-ec2": "1.191.0",
        "@aws-cdk/aws-iam": "1.191.0",
        "@aws-cdk/aws-kms": "1.191.0",
        "@aws-cdk/cloud-assembly-schema": "1.191.0",
        "@aws-cdk/core": "1.191.0",
        "@aws-cdk/cx-api": "1.191.0",
        "constructs": "^3.3.69"
      }
    },
    "@aws-cdk/aws-events": {
      "version": "1.191.0",
      "resolved": "https://registry.npmjs.org/@aws-cdk/aws-events/-/aws-events-1.191.0.tgz",
      "integrity": "sha512-r6F0QlExXd2LIG1GpjKVQl5bGjvgRHfshi9U9G+V3VaAcRtHRCAlaCX60X0GGYo+sB0MJd5B2CoCC37CT8Znyw==",
      "requires": {
        "@aws-cdk/aws-iam": "1.191.0",
        "@aws-cdk/core": "1.191.0",
        "constructs": "^3.3.69"
      }
    },
    "@aws-cdk/aws-iam": {
      "version": "1.191.0",
      "resolved": "https://registry.npmjs.org/@aws-cdk/aws-iam/-/aws-iam-1.191.0.tgz",
      "integrity": "sha512-qSjhMVaLzuP5iGFHhmg2NxMph0OeGk5NjDeccCrlafPgYkG1bpm1VOWwouTc1hgFoEX2qtYlGdvzHT97cyOL7w==",
      "requires": {
        "@aws-cdk/core": "1.191.0",
        "@aws-cdk/cx-api": "1.191.0",
        "@aws-cdk/region-info": "1.191.0",
        "constructs": "^3.3.69"
      }
    },
    "@aws-cdk/aws-kms": {
      "version": "1.191.0",
      "resolved": "https://registry.npmjs.org/@aws-cdk/aws-kms/-/aws-kms-1.191.0.tgz",
      "integrity": "sha512-il//DVK+nJcl3MseaN1qPv3yANr1TOVM3OijTzlx8Uob7Yc+enxBg0WHg2LcUeEOlaep1+lS6nh3xmoehG12VA==",
      "requires": {
        "@aws-cdk/aws-iam": "1.191.0",
        "@aws-cdk/cloud-assembly-schema": "1.191.0",
        "@aws-cdk/core": "1.191.0",
        "@aws-cdk/cx-api": "1.191.0",
        "constructs": "^3.3.69"
      }
    },
    "@aws-cdk/aws-lambda": {
      "version": "1.191.0",
      "resolved": "https://registry.npmjs.org/@aws-cdk/aws-lambda/-/aws-lambda-1.191.0.tgz",
      "integrity": "sha512-+7TImOKmk6rjYkTIwMZpAtSvBDQKENeZv7HNgk6GYV8//8+ETHPfh8sScV3rlqFuVOltp8uhpAcfPQV3zyOhHg==",
      "requires": {
        "@aws-cdk/aws-applicationautoscaling": "1.191.0",
        "@aws-cdk/aws-cloudwatch": "1.191.0",
        "@aws-cdk/aws-codeguruprofiler": "1.191.0",
        "@aws-cdk/aws-ec2": "1.191.0",
        "@aws-cdk/aws-ecr": "1.191.0",
        "@aws-cdk/aws-ecr-assets": "1.191.0",
        "@aws-cdk/aws-efs": "1.191.0",
        "@aws-cdk/aws-events": "1.191.0",
        "@aws-cdk/aws-iam": "1.191.0",
        "@aws-cdk/aws-kms": "1.191.0",
        "@aws-cdk/aws-logs": "1.191.0",
        "@aws-cdk/aws-s3": "1.191.0",
        "@aws-cdk/aws-s3-assets": "1.191.0",
        "@aws-cdk/aws-signer": "1.191.0",
        "@aws-cdk/aws-sns": "1.191.0",
        "@aws-cdk/aws-sqs": "1.191.0",
        "@aws-cdk/core": "1.191.0",
        "@aws-cdk/cx-api": "1.191.0",
        "@aws-cdk/region-info": "1.191.0",
        "constructs": "^3.3.69"
      }
    },
    "@aws-cdk/aws-logs": {
      "version": "1.191.0",
      "resolved": "https://registry.npmjs.org/@aws-cdk/aws-logs/-/aws-logs-1.191.0.tgz",
      "integrity": "sha512-OQrbVR9gBY9DC9LF4tqJDP3UwcjX3AXSTwzgXaDVnsIfCMDv+FOtzdYme9xhoNF4mphUenUjI280Bx9tac2Zmg==",
      "requires": {
        "@aws-cdk/aws-cloudwatch": "1.191.0",
        "@aws-cdk/aws-iam": "1.191.0",
        "@aws-cdk/aws-kms": "1.191.0",
        "@aws-cdk/aws-s3-assets": "1.191.0",
        "@aws-cdk/core": "1.191.0",
        "@aws-cdk/cx-api": "1.191.0",
        "constructs": "^3.3.69"
      }
    },
    "@aws-cdk/aws-s3": {
      "version": "1.191.0",
      "resolved": "https://registry.npmjs.org/@aws-cdk/aws-s3/-/aws-s3-1.191.0.tgz",
      "integrity": "sha512-wW1c36bti0u38JajbTiN2hmnYiQ8uwS1gBOeVmq/wfZ9BKsgnZOyeMZCa1EYWuSSN4FMmVEthN3md75IzcGKPg==",
      "requires": {
        "@aws-cdk/aws-events": "1.191.0",
        "@aws-cdk/aws-iam": "1.191.0",
        "@aws-cdk/aws-kms": "1.191.0",
        "@aws-cdk/core": "1.191.0",
        "@aws-cdk/cx-api": "1.191.0",
        "constructs": "^3.3.69"
      }
    },
    "@aws-cdk/aws-s3-assets": {
      "version": "1.191.0",
      "resolved": "https://registry.npmjs.org/@aws-cdk/aws-s3-assets/-/aws-s3-assets-1.191.0.tgz",
      "integrity": "sha512-9mieOxatGOxNl9F8BnX8dYfAvq1gFd3yp74PnIOfa9Vlnc5UR05IjUFcdvwpsx9QMWczF8ABGQ1hlMsP6xR2UQ==",
      "requires": {
        "@aws-cdk/assets": "1.191.0",
        "@aws-cdk/aws-iam": "1.191.0",
        "@aws-cdk/aws-kms": "1.191.0",
        "@aws-cdk/aws-s3": "1.191.0",
        "@aws-cdk/core": "1.191.0",
        "@aws-cdk/cx-api": "1.191.0",
        "constructs": "^3.3.69"
      }
    },
    "@aws-cdk/aws-signer": {
      "version": "1.191.0",
      "resolved": "https://registry.npmjs.org/@aws-cdk/aws-signer/-/aws-signer-1.191.0.tgz",
      "integrity": "sha512-014hsWNA6eq5hhxNi0sg17GbY9bOfAJ9lkJ9kHgoa5yH4WphBISKIYW3jyTxIfcykecKW9q4g5mbjVD2JdkYdA==",
      "requires": {
        "@aws-cdk/core": "1.191.0",
        "constructs": "^3.3.69"
      }
    },
    "@aws-cdk/aws-sns": {
      "version": "1.191.0",
      "resolved": "https://registry.npmjs.org/@aws-cdk/aws-sns/-/aws-sns-1.191.0.tgz",
      "integrity": "sha512-c++IgVipVFybwR6/aTTSUKXw4PBamHU+mlyFd3Cotqft9JCrlJIj8Lvu1rbZwPmPaVwzRR/MPZgYxFtjFk+ptQ==",
      "requires": {
        "@aws-cdk/aws-cloudwatch": "1.191.0",
        "@aws-cdk/aws-codestarnotifications": "1.191.0",
        "@aws-cdk/aws-events": "1.191.0",
        "@aws-cdk/aws-iam": "1.191.0",
        "@aws-cdk/aws-kms": "1.191.0",
        "@aws-cdk/aws-sqs": "1.191.0",
        "@aws-cdk/core": "1.191.0",
        "constructs": "^3.3.69"
      }
    },
    "@aws-cdk/aws-sqs": {
      "version": "1.191.0",
      "resolved": "https://registry.npmjs.org/@aws-cdk/aws-sqs/-/aws-sqs-1.191.0.tgz",
      "integrity": "sha512-qULxio3nAYB+b42l4ozyavd2rPpnSmTBuE7W9PktqBaoqItMLJLx+oHXNV0EMcbdnhHrvTh+hUIMWXRRcfGUNA==",
      "requires": {
        "@aws-cdk/aws-cloudwatch": "1.191.0",
        "@aws-cdk/aws-iam": "1.191.0",
        "@aws-cdk/aws-kms": "1.191.0",
        "@aws-cdk/core": "1.191.0",
        "constructs": "^3.3.69"
      }
    },
    "@aws-cdk/aws-ssm": {
      "version": "1.191.0",
      "resolved": "https://registry.npmjs.org/@aws-cdk/aws-ssm/-/aws-ssm-1.191.0.tgz",
      "integrity": "sha512-M/HNwuySQNcXZs/bJZweMvKtknSExWG9rFz8uF6LL9LiKIYixWgjdkV7i/38h+18I1mXACu276LPpmAHO8Irjg==",
      "requires": {
        "@aws-cdk/aws-iam": "1.191.0",
        "@aws-cdk/aws-kms": "1.191.0",
        "@aws-cdk/cloud-assembly-schema": "1.191.0",
        "@aws-cdk/core": "1.191.0",
        "constructs": "^3.3.69"
      }
    },
    "@aws-cdk/cloud-assembly-schema": {
      "version": "1.191.0",
      "resolved": "https://registry.npmjs.org/@aws-cdk/cloud-assembly-schema/-/cloud-assembly-schema-1.191.0.tgz",
      "integrity": "sha512-HHRvvoY2WA1kDUgsJ+sCz1XWPU0+fZ9h9HekYqrSNsAihD9kUnswvK/7LwdlQmdLld+ZmeWTbCB3rkL5LzRzKw==",
      "requires": {
        "jsonschema": "^1.4.1",
        "semver": "^7.3.8"
      },
      "dependencies": {
        "jsonschema": {
          "version": "1.4.1",
          "bundled": true
        },
        "lru-cache": {
          "version": "6.0.0",
          "bundled": true,
          "requires": {
            "yallist": "^4.0.0"
          }
        },
        "semver": {
          "version": "7.3.8",
          "bundled": true,
          "requires": {
            "lru-cache": "^6.0.0"
          }
        },
        "yallist": {
          "version": "4.0.0",
          "bundled": true
        }
      }
    },
    "@aws-cdk/core": {
      "version": "1.191.0",
      "resolved": "https://registry.npmjs.org/@aws-cdk/core/-/core-1.191.0.tgz",
      "integrity": "sha512-emo5mLjs6dPB7PpDFQ70R4273REN8TndrlVM04Kcac6d2LhTRFhiiCm71c574iWaTBjmZVNyVzwGiN1Nh4uNNw==",
      "requires": {
        "@aws-cdk/cloud-assembly-schema": "1.191.0",
        "@aws-cdk/cx-api": "1.191.0",
        "@aws-cdk/region-info": "1.191.0",
        "@balena/dockerignore": "^1.0.2",
        "constructs": "^3.3.69",
        "fs-extra": "^9.1.0",
        "ignore": "^5.2.4",
        "minimatch": "^3.1.2"
      },
      "dependencies": {
        "@balena/dockerignore": {
          "version": "1.0.2",
          "bundled": true
        },
        "at-least-node": {
          "version": "1.0.0",
          "bundled": true
        },
        "balanced-match": {
          "version": "1.0.2",
          "bundled": true
        },
        "brace-expansion": {
          "version": "1.1.11",
          "bundled": true,
          "requires": {
            "balanced-match": "^1.0.0",
            "concat-map": "0.0.1"
          }
        },
        "concat-map": {
          "version": "0.0.1",
          "bundled": true
        },
        "fs-extra": {
          "version": "9.1.0",
          "bundled": true,
          "requires": {
            "at-least-node": "^1.0.0",
            "graceful-fs": "^4.2.0",
            "jsonfile": "^6.0.1",
            "universalify": "^2.0.0"
          }
        },
        "graceful-fs": {
          "version": "4.2.10",
          "bundled": true
        },
        "ignore": {
          "version": "5.2.4",
          "bundled": true
        },
        "jsonfile": {
          "version": "6.1.0",
          "bundled": true,
          "requires": {
            "graceful-fs": "^4.1.6",
            "universalify": "^2.0.0"
          }
        },
        "minimatch": {
          "version": "3.1.2",
          "bundled": true,
          "requires": {
            "brace-expansion": "^1.1.7"
          }
        },
        "universalify": {
          "version": "2.0.0",
          "bundled": true
        }
      }
    },
    "@aws-cdk/cx-api": {
      "version": "1.191.0",
      "resolved": "https://registry.npmjs.org/@aws-cdk/cx-api/-/cx-api-1.191.0.tgz",
      "integrity": "sha512-1jcUky+05aobchZr6KrbWgqDizIUYSLkJMFqLkWSBaOPCyhqv+5gzOBjlRf1DtxQibM/GAHYtNm0sP4RQRnh/w==",
      "requires": {
        "@aws-cdk/cloud-assembly-schema": "1.191.0",
        "semver": "^7.3.8"
      },
      "dependencies": {
        "lru-cache": {
          "version": "6.0.0",
          "bundled": true,
          "requires": {
            "yallist": "^4.0.0"
          }
        },
        "semver": {
          "version": "7.3.8",
          "bundled": true,
          "requires": {
            "lru-cache": "^6.0.0"
          }
        },
        "yallist": {
          "version": "4.0.0",
          "bundled": true
        }
      }
    },
    "@aws-cdk/region-info": {
      "version": "1.191.0",
      "resolved": "https://registry.npmjs.org/@aws-cdk/region-info/-/region-info-1.191.0.tgz",
      "integrity": "sha512-MRTuga31TPNEnyZIkqjE+9/3K6/2pfqLTthrDLVM+JMPkcSbzjKyYIWANcyXj8gbOlJYWlJ+lI8LGwO3Dyq+Pw=="
    },
    "@middy/core": {
      "version": "3.6.2",
      "resolved": "https://registry.npmjs.org/@middy/core/-/core-3.6.2.tgz",
      "integrity": "sha512-/vyvG34RIt7CTmuB/jksGkk9vs6RCoOlRFPfdQq11dHkiKlT2mm8j/jZx7gSpEhXXh9LeaEMuKPnsgWBIlGS1g=="
    },
    "@types/aws-lambda": {
      "version": "8.10.110",
      "resolved": "https://registry.npmjs.org/@types/aws-lambda/-/aws-lambda-8.10.110.tgz",
      "integrity": "sha512-r6egf2Cwv/JaFTTrF9OXFVUB3j/SXTgM9BwrlbBRjWAa2Tu6GWoDoLflppAZ8uSfbUJdXvC7Br3DjuN9pQ2NUQ=="
    },
    "@types/node": {
      "version": "18.11.18",
      "resolved": "https://registry.npmjs.org/@types/node/-/node-18.11.18.tgz",
      "integrity": "sha512-DHQpWGjyQKSHj3ebjFI/wRKcqQcdR+MoFBygntYOZytCqNfkd2ZC4ARDJ2DQqhjH5p85Nnd3jhUJIXrszFX/JA==",
      "dev": true
    },
    "axios": {
      "version": "0.21.4",
      "resolved": "https://registry.npmjs.org/axios/-/axios-0.21.4.tgz",
      "integrity": "sha512-ut5vewkiu8jjGBdqpM44XxjuCjq9LAKeHVmoVfHVzy8eHgxxq8SbAVQNovDA8mVi05kP0Ea/n/UzcSHcTJQfNg==",
      "requires": {
        "follow-redirects": "^1.14.0"
      }
    },
    "buffer-from": {
      "version": "1.1.2",
      "resolved": "https://registry.npmjs.org/buffer-from/-/buffer-from-1.1.2.tgz",
      "integrity": "sha512-E+XQCRwSbaaiChtv6k6Dwgc+bx+Bs6vuKJHHl5kox/BaKbhiXzqQOwK4cO22yElGp2OCmjwVhT3HmxgyPGnJfQ=="
    },
    "constructs": {
      "version": "3.4.233",
      "resolved": "https://registry.npmjs.org/constructs/-/constructs-3.4.233.tgz",
      "integrity": "sha512-ZpELGzhkpNa0d8yuPd9UhyMDCpSXvNoFoErDiKzPemehQVUsyh6IcvzZ6k20tne4abuOeVGjVRimFIM5GDUkkw=="
    },
    "esbuild": {
      "version": "0.12.15",
      "resolved": "https://registry.npmjs.org/esbuild/-/esbuild-0.12.15.tgz",
      "integrity": "sha512-72V4JNd2+48eOVCXx49xoSWHgC3/cCy96e7mbXKY+WOWghN00cCmlGnwVLRhRHorvv0dgCyuMYBZlM2xDM5OQw=="
    },
    "follow-redirects": {
      "version": "1.15.2",
      "resolved": "https://registry.npmjs.org/follow-redirects/-/follow-redirects-1.15.2.tgz",
      "integrity": "sha512-VQLG33o04KaQ8uYi2tVNbdrWp1QWxNNea+nmIB4EVM28v0hmP17z7aG1+wAkNzVq4KeXTq3221ye5qTJP91JwA=="
    },
    "source-map": {
      "version": "0.6.1",
      "resolved": "https://registry.npmjs.org/source-map/-/source-map-0.6.1.tgz",
      "integrity": "sha512-UjgapumWlbMhkBgzT7Ykc5YXUT46F0iKu8SGXq0bcwP5dz/h0Plj6enJqjz1Zbq2l5WaqYnrVbwWOWMyF3F47g=="
    },
    "source-map-support": {
      "version": "0.5.21",
      "resolved": "https://registry.npmjs.org/source-map-support/-/source-map-support-0.5.21.tgz",
      "integrity": "sha512-uBHU3L3czsIyYXKX88fdrGovxdSCoTGDRZ6SYXtSRxLZUzHg5P/66Ht6uoUlHu9EZod+inXhKo3qQgwXUT/y1w==",
      "requires": {
        "buffer-from": "^1.0.0",
        "source-map": "^0.6.0"
      }
    }
  }
}
